{
  "version": 4,
  "terraform_version": "1.3.5",
  "serial": 1276,
  "lineage": "d04aa3e3-f9f6-32d5-dcd7-cf2dfe52f9c8",
  "outputs": {
    "account_id": {
      "value": "785961692767",
      "type": "string"
    },
    "arn": {
      "value": "arn:aws:iam::785961692767:user/minithor",
      "type": "string"
    },
    "bucket_name": {
      "value": "minithor-s3-terra-bucket-is-so-unique",
      "type": "string"
    },
    "instance_id": {
      "value": "i-0210d3ea206b99162",
      "type": "string"
    },
    "instance_public_id": {
      "value": "18.141.162.68",
      "type": "string"
    },
    "kms_key": {
      "value": "350f2129-1bc9-4d7a-92fa-cf1c90d0759d",
      "type": "string"
    },
    "kms_key_alias_name": {
      "value": "alias/my-terra-kms",
      "type": "string"
    },
    "lambda_role_arn": {
      "value": "arn:aws:iam::785961692767:role/lambda_instances",
      "type": "string"
    },
    "user_id": {
      "value": "AIDA3N7XXVZP3L7FCSYM2",
      "type": "string"
    },
    "vpc_id": {
      "value": "vpc-0522e72c7b3470dd8",
      "type": "string"
    }
  },
  "resources": [
    {
      "mode": "data",
      "type": "aws_caller_identity",
      "name": "current",
      "provider": "provider[\"registry.terraform.io/hashicorp/aws\"]",
      "instances": [
        {
          "schema_version": 0,
          "attributes": {
            "account_id": "785961692767",
            "arn": "arn:aws:iam::785961692767:user/minithor",
            "id": "785961692767",
            "user_id": "AIDA3N7XXVZP3L7FCSYM2"
          },
          "sensitive_attributes": []
        }
      ]
    },
    {
      "module": "module.aws_terra_bucket",
      "mode": "data",
      "type": "aws_s3_object",
      "name": "start_lambda",
      "provider": "provider[\"registry.terraform.io/hashicorp/aws\"]",
      "instances": []
    },
    {
      "module": "module.aws_terra_bucket",
      "mode": "data",
      "type": "aws_s3_object",
      "name": "stop_lambda",
      "provider": "provider[\"registry.terraform.io/hashicorp/aws\"]",
      "instances": []
    },
    {
      "module": "module.aws_terra_bucket",
      "mode": "data",
      "type": "aws_s3_objects",
      "name": "my_bucket",
      "provider": "provider[\"registry.terraform.io/hashicorp/aws\"]",
      "instances": [
        {
          "schema_version": 0,
          "attributes": {
            "bucket": "minithor-s3-terra-bucket-is-so-unique",
            "common_prefixes": [],
            "delimiter": null,
            "encoding_type": null,
            "fetch_owner": null,
            "id": "minithor-s3-terra-bucket-is-so-unique",
            "keys": [],
            "max_keys": 1000,
            "owners": [],
            "prefix": null,
            "start_after": null
          },
          "sensitive_attributes": []
        }
      ]
    },
    {
      "module": "module.aws_terra_bucket",
      "mode": "managed",
      "type": "aws_s3_bucket",
      "name": "bucket",
      "provider": "provider[\"registry.terraform.io/hashicorp/aws\"]",
      "instances": [
        {
          "schema_version": 0,
          "attributes": {
            "acceleration_status": "",
            "acl": "private",
            "arn": "arn:aws:s3:::minithor-s3-terra-bucket-is-so-unique",
            "bucket": "minithor-s3-terra-bucket-is-so-unique",
            "bucket_domain_name": "minithor-s3-terra-bucket-is-so-unique.s3.amazonaws.com",
            "bucket_prefix": null,
            "bucket_regional_domain_name": "minithor-s3-terra-bucket-is-so-unique.s3.ap-southeast-1.amazonaws.com",
            "cors_rule": [],
            "force_destroy": true,
            "grant": [],
            "hosted_zone_id": "Z3O0J2DXBE1FTB",
            "id": "minithor-s3-terra-bucket-is-so-unique",
            "lifecycle_rule": [],
            "logging": [],
            "object_lock_configuration": [],
            "policy": "",
            "region": "ap-southeast-1",
            "replication_configuration": [],
            "request_payer": "BucketOwner",
            "server_side_encryption_configuration": [],
            "tags": {
              "CostCenter": "infra",
              "Purpose": "Terra-demo"
            },
            "tags_all": {
              "CostCenter": "infra",
              "Purpose": "Terra-demo"
            },
            "versioning": [
              {
                "enabled": false,
                "mfa_delete": false
              }
            ],
            "website": [],
            "website_domain": null,
            "website_endpoint": null
          },
          "sensitive_attributes": [],
          "private": "bnVsbA=="
        }
      ]
    },
    {
      "module": "module.aws_terra_bucket",
      "mode": "managed",
      "type": "aws_s3_bucket_acl",
      "name": "acl",
      "provider": "provider[\"registry.terraform.io/hashicorp/aws\"]",
      "instances": [
        {
          "schema_version": 0,
          "attributes": {
            "access_control_policy": [
              {
                "grant": [
                  {
                    "grantee": [
                      {
                        "display_name": "swahyu1412",
                        "email_address": "",
                        "id": "233b364e584fedaab0ffcac95e4a61a3bb4fb2b68d98d87a515545388ad5f5c0",
                        "type": "CanonicalUser",
                        "uri": ""
                      }
                    ],
                    "permission": "FULL_CONTROL"
                  }
                ],
                "owner": [
                  {
                    "display_name": "swahyu1412",
                    "id": "233b364e584fedaab0ffcac95e4a61a3bb4fb2b68d98d87a515545388ad5f5c0"
                  }
                ]
              }
            ],
            "acl": "private",
            "bucket": "minithor-s3-terra-bucket-is-so-unique",
            "expected_bucket_owner": "",
            "id": "minithor-s3-terra-bucket-is-so-unique,private"
          },
          "sensitive_attributes": [],
          "private": "bnVsbA==",
          "dependencies": [
            "module.aws_terra_bucket.aws_s3_bucket.bucket"
          ]
        }
      ]
    },
    {
      "module": "module.aws_terra_bucket",
      "mode": "managed",
      "type": "aws_s3_bucket_lifecycle_configuration",
      "name": "lifecycle",
      "provider": "provider[\"registry.terraform.io/hashicorp/aws\"]",
      "instances": [
        {
          "schema_version": 0,
          "attributes": {
            "bucket": "minithor-s3-terra-bucket-is-so-unique",
            "expected_bucket_owner": "",
            "id": "minithor-s3-terra-bucket-is-so-unique",
            "rule": [
              {
                "abort_incomplete_multipart_upload": [],
                "expiration": [
                  {
                    "date": "",
                    "days": 7,
                    "expired_object_delete_marker": false
                  }
                ],
                "filter": [
                  {
                    "and": [],
                    "object_size_greater_than": 0,
                    "object_size_less_than": 0,
                    "prefix": "logs/",
                    "tag": []
                  }
                ],
                "id": "rule-1-logs",
                "noncurrent_version_expiration": [],
                "noncurrent_version_transition": [],
                "prefix": "",
                "status": "Enabled",
                "transition": []
              }
            ]
          },
          "sensitive_attributes": [],
          "private": "bnVsbA==",
          "dependencies": [
            "module.aws_terra_bucket.aws_s3_bucket.bucket"
          ]
        }
      ]
    },
    {
      "module": "module.aws_terra_bucket",
      "mode": "managed",
      "type": "aws_s3_bucket_policy",
      "name": "bucket-policy",
      "provider": "provider[\"registry.terraform.io/hashicorp/aws\"]",
      "instances": [
        {
          "schema_version": 0,
          "attributes": {
            "bucket": "minithor-s3-terra-bucket-is-so-unique",
            "id": "minithor-s3-terra-bucket-is-so-unique",
            "policy": "{\n    \"Version\" : \"2012-10-17\",\n    \"Id\" : \"Policy13112022\",\n    \"Statement\" : [\n      {\n        \"Sid\" : \"Stmt131120221\",\n        \"Effect\" : \"Allow\",\n        \"Principal\" : {\n          \"AWS\" : \"arn:aws:iam::785961692767:user/minithor\"\n        },\n        \"Action\" : \"s3:ListBucket\",\n        \"Resource\" : \"arn:aws:s3:::minithor-s3-terra-bucket-is-so-unique\"\n      },\n      {\n        \"Sid\" : \"Stmt131120222\",\n        \"Effect\" : \"Allow\",\n        \"Principal\" : {\n          \"AWS\" : \"arn:aws:iam::785961692767:user/minithor\"\n        },\n        \"Action\" : [\n          \"s3:GetObject\",\n          \"s3:PutObject\"\n        ],\n        \"Resource\" : \"arn:aws:s3:::minithor-s3-terra-bucket-is-so-unique/*\"\n      }\n    ]\n  }  \n"
          },
          "sensitive_attributes": [],
          "private": "bnVsbA==",
          "dependencies": [
            "data.aws_caller_identity.current",
            "module.aws_terra_bucket.aws_s3_bucket.bucket"
          ]
        }
      ]
    },
    {
      "module": "module.aws_terra_bucket",
      "mode": "managed",
      "type": "aws_s3_bucket_public_access_block",
      "name": "bucket",
      "provider": "provider[\"registry.terraform.io/hashicorp/aws\"]",
      "instances": [
        {
          "schema_version": 0,
          "attributes": {
            "block_public_acls": true,
            "block_public_policy": true,
            "bucket": "minithor-s3-terra-bucket-is-so-unique",
            "id": "minithor-s3-terra-bucket-is-so-unique",
            "ignore_public_acls": true,
            "restrict_public_buckets": true
          },
          "sensitive_attributes": [],
          "private": "bnVsbA==",
          "dependencies": [
            "module.aws_terra_bucket.aws_s3_bucket.bucket"
          ]
        }
      ]
    },
    {
      "module": "module.aws_terra_bucket",
      "mode": "managed",
      "type": "aws_s3_bucket_server_side_encryption_configuration",
      "name": "bucket_ssc",
      "provider": "provider[\"registry.terraform.io/hashicorp/aws\"]",
      "instances": [
        {
          "schema_version": 0,
          "attributes": {
            "bucket": "minithor-s3-terra-bucket-is-so-unique",
            "expected_bucket_owner": "",
            "id": "minithor-s3-terra-bucket-is-so-unique",
            "rule": [
              {
                "apply_server_side_encryption_by_default": [
                  {
                    "kms_master_key_id": "350f2129-1bc9-4d7a-92fa-cf1c90d0759d",
                    "sse_algorithm": "aws:kms"
                  }
                ],
                "bucket_key_enabled": null
              }
            ]
          },
          "sensitive_attributes": [],
          "private": "bnVsbA==",
          "dependencies": [
            "module.aws_terra_bucket.aws_s3_bucket.bucket",
            "module.aws_terra_kms.aws_kms_alias.kms_alias",
            "module.aws_terra_kms.aws_kms_key.key_bucket"
          ]
        }
      ]
    },
    {
      "module": "module.aws_terra_bucket",
      "mode": "managed",
      "type": "aws_s3_object",
      "name": "object",
      "provider": "provider[\"registry.terraform.io/hashicorp/aws\"]",
      "instances": [
        {
          "index_key": "lambda_start.zip",
          "schema_version": 0,
          "attributes": {
            "acl": "private",
            "bucket": "minithor-s3-terra-bucket-is-so-unique",
            "bucket_key_enabled": false,
            "cache_control": "",
            "content": null,
            "content_base64": null,
            "content_disposition": "",
            "content_encoding": "",
            "content_language": "",
            "content_type": "binary/octet-stream",
            "etag": "bfd7aca1afabad218b8dd51100f1b83b",
            "force_destroy": false,
            "id": "lambda_start.zip",
            "key": "lambda_start.zip",
            "kms_key_id": null,
            "metadata": null,
            "object_lock_legal_hold_status": "",
            "object_lock_mode": "",
            "object_lock_retain_until_date": "",
            "server_side_encryption": "",
            "source": "./modules/python_files//lambda_start.zip",
            "source_hash": null,
            "storage_class": "STANDARD",
            "tags": null,
            "tags_all": {},
            "version_id": "",
            "website_redirect": ""
          },
          "sensitive_attributes": [],
          "private": "bnVsbA==",
          "dependencies": [
            "module.aws_terra_bucket.aws_s3_bucket.bucket"
          ]
        },
        {
          "index_key": "lambda_stop.zip",
          "schema_version": 0,
          "attributes": {
            "acl": "private",
            "bucket": "minithor-s3-terra-bucket-is-so-unique",
            "bucket_key_enabled": false,
            "cache_control": "",
            "content": null,
            "content_base64": null,
            "content_disposition": "",
            "content_encoding": "",
            "content_language": "",
            "content_type": "binary/octet-stream",
            "etag": "374b0518558f444405a0c51b6e6e7fcf",
            "force_destroy": false,
            "id": "lambda_stop.zip",
            "key": "lambda_stop.zip",
            "kms_key_id": null,
            "metadata": null,
            "object_lock_legal_hold_status": "",
            "object_lock_mode": "",
            "object_lock_retain_until_date": "",
            "server_side_encryption": "",
            "source": "./modules/python_files//lambda_stop.zip",
            "source_hash": null,
            "storage_class": "STANDARD",
            "tags": null,
            "tags_all": {},
            "version_id": "",
            "website_redirect": ""
          },
          "sensitive_attributes": [],
          "private": "bnVsbA==",
          "dependencies": [
            "module.aws_terra_bucket.aws_s3_bucket.bucket"
          ]
        }
      ]
    },
    {
      "module": "module.aws_terra_cloudwatch",
      "mode": "managed",
      "type": "aws_cloudwatch_event_rule",
      "name": "start",
      "provider": "provider[\"registry.terraform.io/hashicorp/aws\"]",
      "instances": [
        {
          "schema_version": 0,
          "attributes": {
            "arn": "arn:aws:events:ap-southeast-1:785961692767:rule/terra_start_instance",
            "description": "Trigger Ec2 instance to start",
            "event_bus_name": "default",
            "event_pattern": null,
            "id": "terra_start_instance",
            "is_enabled": true,
            "name": "terra_start_instance",
            "name_prefix": "",
            "role_arn": "",
            "schedule_expression": "cron(0 14 * * ? *)",
            "tags": null,
            "tags_all": {}
          },
          "sensitive_attributes": [],
          "private": "bnVsbA=="
        }
      ]
    },
    {
      "module": "module.aws_terra_cloudwatch",
      "mode": "managed",
      "type": "aws_cloudwatch_event_rule",
      "name": "stop",
      "provider": "provider[\"registry.terraform.io/hashicorp/aws\"]",
      "instances": [
        {
          "schema_version": 0,
          "attributes": {
            "arn": "arn:aws:events:ap-southeast-1:785961692767:rule/terra_stop_instance",
            "description": "Trigger Ec2 instance to stop",
            "event_bus_name": "default",
            "event_pattern": null,
            "id": "terra_stop_instance",
            "is_enabled": true,
            "name": "terra_stop_instance",
            "name_prefix": "",
            "role_arn": "",
            "schedule_expression": "cron(15 14 * * ? *)",
            "tags": null,
            "tags_all": {}
          },
          "sensitive_attributes": [],
          "private": "bnVsbA=="
        }
      ]
    },
    {
      "module": "module.aws_terra_cloudwatch",
      "mode": "managed",
      "type": "aws_cloudwatch_event_target",
      "name": "start",
      "provider": "provider[\"registry.terraform.io/hashicorp/aws\"]",
      "instances": []
    },
    {
      "module": "module.aws_terra_cloudwatch",
      "mode": "managed",
      "type": "aws_cloudwatch_event_target",
      "name": "stop",
      "provider": "provider[\"registry.terraform.io/hashicorp/aws\"]",
      "instances": []
    },
    {
      "module": "module.aws_terra_iam",
      "mode": "managed",
      "type": "aws_iam_policy",
      "name": "lambda",
      "provider": "provider[\"registry.terraform.io/hashicorp/aws\"]",
      "instances": [
        {
          "schema_version": 0,
          "attributes": {
            "arn": "arn:aws:iam::785961692767:policy/TerraformLambdaPolicy",
            "description": "Policy for using lambda to start and stop instances through Terraform",
            "id": "arn:aws:iam::785961692767:policy/TerraformLambdaPolicy",
            "name": "TerraformLambdaPolicy",
            "name_prefix": null,
            "path": "/",
            "policy": "{\"Statement\":[{\"Action\":[\"logs:CreateLogGroup\",\"logs:CreateLogStream\",\"logs:PutLogEvents\"],\"Effect\":\"Allow\",\"Resource\":\"arn:aws:logs:*:*\"},{\"Action\":[\"ec2:DescribeInstances\",\"ec2:DescribeRegions\",\"ec2:StartInstances\",\"ec2:StopInstances\"],\"Effect\":\"Allow\",\"Resource\":\"*\"},{\"Action\":[\"s3:PutObject\",\"s3:GetObject\",\"s3:ListBucket\"],\"Effect\":\"Allow\",\"Resource\":[\"arn:aws:s3:::minithor-s3-terra-bucket-is-so-unique/*\",\"arn:aws:s3:::minithor-s3-terra-bucket-is-so-unique\"]}],\"Version\":\"2012-10-17\"}",
            "policy_id": "ANPA3N7XXVZP6ALNIBHBW",
            "tags": null,
            "tags_all": {}
          },
          "sensitive_attributes": [],
          "private": "bnVsbA==",
          "dependencies": [
            "module.aws_terra_bucket.aws_s3_bucket.bucket"
          ]
        }
      ]
    },
    {
      "module": "module.aws_terra_iam",
      "mode": "managed",
      "type": "aws_iam_role",
      "name": "lambda",
      "provider": "provider[\"registry.terraform.io/hashicorp/aws\"]",
      "instances": [
        {
          "schema_version": 0,
          "attributes": {
            "arn": "arn:aws:iam::785961692767:role/lambda_instances",
            "assume_role_policy": "{\"Version\":\"2012-10-17\",\"Statement\":[{\"Sid\":\"\",\"Effect\":\"Allow\",\"Principal\":{\"Service\":\"lambda.amazonaws.com\"},\"Action\":\"sts:AssumeRole\"}]}",
            "create_date": "2022-11-21T03:39:39Z",
            "description": "",
            "force_detach_policies": false,
            "id": "lambda_instances",
            "inline_policy": [
              {
                "name": "",
                "policy": ""
              }
            ],
            "managed_policy_arns": [],
            "max_session_duration": 3600,
            "name": "lambda_instances",
            "name_prefix": "",
            "path": "/",
            "permissions_boundary": null,
            "tags": null,
            "tags_all": {},
            "unique_id": "AROA3N7XXVZPUZX6HVOR5"
          },
          "sensitive_attributes": [],
          "private": "bnVsbA=="
        }
      ]
    },
    {
      "module": "module.aws_terra_iam",
      "mode": "managed",
      "type": "aws_iam_role_policy_attachment",
      "name": "lambda",
      "provider": "provider[\"registry.terraform.io/hashicorp/aws\"]",
      "instances": [
        {
          "schema_version": 0,
          "attributes": {
            "id": "lambda_instances-20221121033949955900000001",
            "policy_arn": "arn:aws:iam::785961692767:policy/TerraformLambdaPolicy",
            "role": "lambda_instances"
          },
          "sensitive_attributes": [],
          "private": "bnVsbA==",
          "dependencies": [
            "module.aws_terra_bucket.aws_s3_bucket.bucket",
            "module.aws_terra_iam.aws_iam_policy.lambda",
            "module.aws_terra_iam.aws_iam_role.lambda"
          ]
        }
      ]
    },
    {
      "module": "module.aws_terra_instance",
      "mode": "data",
      "type": "aws_ami",
      "name": "ubuntu",
      "provider": "provider[\"registry.terraform.io/hashicorp/aws\"]",
      "instances": [
        {
          "schema_version": 0,
          "attributes": {
            "architecture": "x86_64",
            "arn": "arn:aws:ec2:ap-southeast-1::image/ami-07651f0c4c315a529",
            "block_device_mappings": [
              {
                "device_name": "/dev/sda1",
                "ebs": {
                  "delete_on_termination": "true",
                  "encrypted": "false",
                  "iops": "0",
                  "snapshot_id": "snap-033eb02777d5c5930",
                  "throughput": "0",
                  "volume_size": "8",
                  "volume_type": "gp2"
                },
                "no_device": "",
                "virtual_name": ""
              },
              {
                "device_name": "/dev/sdb",
                "ebs": {},
                "no_device": "",
                "virtual_name": "ephemeral0"
              },
              {
                "device_name": "/dev/sdc",
                "ebs": {},
                "no_device": "",
                "virtual_name": "ephemeral1"
              }
            ],
            "boot_mode": "",
            "creation_date": "2022-09-12T06:59:43.000Z",
            "description": "Canonical, Ubuntu, 22.04 LTS, amd64 jammy image build on 2022-09-12",
            "ena_support": true,
            "executable_users": null,
            "filter": [
              {
                "name": "architecture",
                "values": [
                  "x86_64"
                ]
              },
              {
                "name": "name",
                "values": [
                  "ubuntu/images/hvm-ssd/ubuntu-jammy-22.04-amd64-server-20220912"
                ]
              },
              {
                "name": "root-device-type",
                "values": [
                  "ebs"
                ]
              }
            ],
            "hypervisor": "xen",
            "id": "ami-07651f0c4c315a529",
            "image_id": "ami-07651f0c4c315a529",
            "image_location": "amazon/ubuntu/images/hvm-ssd/ubuntu-jammy-22.04-amd64-server-20220912",
            "image_owner_alias": "amazon",
            "image_type": "machine",
            "kernel_id": null,
            "most_recent": true,
            "name": "ubuntu/images/hvm-ssd/ubuntu-jammy-22.04-amd64-server-20220912",
            "name_regex": null,
            "owner_id": "099720109477",
            "owners": [
              "099720109477"
            ],
            "platform": null,
            "platform_details": "Linux/UNIX",
            "product_codes": [],
            "public": true,
            "ramdisk_id": null,
            "root_device_name": "/dev/sda1",
            "root_device_type": "ebs",
            "root_snapshot_id": "snap-033eb02777d5c5930",
            "sriov_net_support": "simple",
            "state": "available",
            "state_reason": {
              "code": "UNSET",
              "message": "UNSET"
            },
            "tags": {},
            "usage_operation": "RunInstances",
            "virtualization_type": "hvm"
          },
          "sensitive_attributes": []
        }
      ]
    },
    {
      "module": "module.aws_terra_instance",
      "mode": "managed",
      "type": "aws_instance",
      "name": "pub_instance",
      "provider": "provider[\"registry.terraform.io/hashicorp/aws\"]",
      "instances": [
        {
          "schema_version": 1,
          "attributes": {
            "ami": "ami-07651f0c4c315a529",
            "arn": "arn:aws:ec2:ap-southeast-1:785961692767:instance/i-0210d3ea206b99162",
            "associate_public_ip_address": true,
            "availability_zone": "ap-southeast-1c",
            "capacity_reservation_specification": [
              {
                "capacity_reservation_preference": "open",
                "capacity_reservation_target": []
              }
            ],
            "cpu_core_count": 1,
            "cpu_threads_per_core": 1,
            "credit_specification": [
              {
                "cpu_credits": "standard"
              }
            ],
            "disable_api_termination": false,
            "ebs_block_device": [],
            "ebs_optimized": false,
            "enclave_options": [
              {
                "enabled": false
              }
            ],
            "ephemeral_block_device": [],
            "get_password_data": false,
            "hibernation": false,
            "host_id": null,
            "iam_instance_profile": "",
            "id": "i-0210d3ea206b99162",
            "instance_initiated_shutdown_behavior": "stop",
            "instance_state": "running",
            "instance_type": "t2.micro",
            "ipv6_address_count": 0,
            "ipv6_addresses": [],
            "key_name": "terraform-test",
            "launch_template": [],
            "metadata_options": [
              {
                "http_endpoint": "enabled",
                "http_put_response_hop_limit": 1,
                "http_tokens": "optional",
                "instance_metadata_tags": "disabled"
              }
            ],
            "monitoring": false,
            "network_interface": [],
            "outpost_arn": "",
            "password_data": "",
            "placement_group": "",
            "placement_partition_number": null,
            "primary_network_interface_id": "eni-020712fc942c401c9",
            "private_dns": "ip-10-50-10-180.ap-southeast-1.compute.internal",
            "private_ip": "10.50.10.180",
            "public_dns": "ec2-18-141-162-68.ap-southeast-1.compute.amazonaws.com",
            "public_ip": "18.141.162.68",
            "root_block_device": [
              {
                "delete_on_termination": true,
                "device_name": "/dev/sda1",
                "encrypted": false,
                "iops": 100,
                "kms_key_id": "",
                "tags": {},
                "throughput": 0,
                "volume_id": "vol-04a7e957b9047fb1c",
                "volume_size": 8,
                "volume_type": "gp2"
              }
            ],
            "secondary_private_ips": [],
            "security_groups": [
              "sg-002a82fb050427634"
            ],
            "source_dest_check": true,
            "subnet_id": "subnet-0b560b129b6074f64",
            "tags": {
              "Name": "terraform instance"
            },
            "tags_all": {
              "Name": "terraform instance"
            },
            "tenancy": "default",
            "timeouts": null,
            "user_data": null,
            "user_data_base64": null,
            "volume_tags": null,
            "vpc_security_group_ids": [
              "sg-002a82fb050427634"
            ]
          },
          "sensitive_attributes": [],
          "private": "eyJlMmJmYjczMC1lY2FhLTExZTYtOGY4OC0zNDM2M2JjN2M0YzAiOnsiY3JlYXRlIjo2MDAwMDAwMDAwMDAsImRlbGV0ZSI6MTIwMDAwMDAwMDAwMCwidXBkYXRlIjo2MDAwMDAwMDAwMDB9LCJzY2hlbWFfdmVyc2lvbiI6IjEifQ==",
          "dependencies": [
            "module.aws_terra_instance.aws_security_group.security_group",
            "module.aws_terra_instance.data.aws_ami.ubuntu",
            "module.aws_terra_vpc.aws_subnet.subnet",
            "module.aws_terra_vpc.aws_vpc.vpc"
          ]
        }
      ]
    },
    {
      "module": "module.aws_terra_instance",
      "mode": "managed",
      "type": "aws_key_pair",
      "name": "public_key",
      "provider": "provider[\"registry.terraform.io/hashicorp/aws\"]",
      "instances": [
        {
          "schema_version": 1,
          "attributes": {
            "arn": "arn:aws:ec2:ap-southeast-1:785961692767:key-pair/terraform-test",
            "fingerprint": "33:e0:fc:4c:10:e3:2f:c1:c1:b5:ad:2e:15:4f:bc:cf",
            "id": "terraform-test",
            "key_name": "terraform-test",
            "key_name_prefix": "",
            "key_pair_id": "key-0934b56bcc8a4b3de",
            "public_key": "ssh-rsa AAAAB3NzaC1yc2EAAAADAQABAAABAQCzbb6dOMMfNV1hSyxKbtE+zgjf2fXG6w4zZbhxi5HuQIfYmu2YtBo3BD5bvFpSofBx8+yGmdVP+Q5vPnYfpCNpHICGO5QFRrbQggGVTY4DA73agr7lpyFjL5S573PXz0Ue92nd5yP7A8k6wUf74+b4a4l3mJVR2lVnHSosoIzO8/t0VTf55F6oUsvglVaix5/f1+5g70/UR5ga2zxlStvD1tHqcRAO9Brrxe3kW2H3IKICjBBNmWqBlxaB5K2KSzVAAjr9RcLl1iK60eiwdVaqdiJRXLthfFg0YNjMXcQp2xnkhCb4remqsKJamnifX/ovhWmiE5ClIUg/VWziMi3t",
            "tags": null,
            "tags_all": {}
          },
          "sensitive_attributes": [],
          "private": "eyJzY2hlbWFfdmVyc2lvbiI6IjEifQ==",
          "dependencies": [
            "module.aws_terra_instance.tls_private_key.key"
          ]
        }
      ]
    },
    {
      "module": "module.aws_terra_instance",
      "mode": "managed",
      "type": "aws_security_group",
      "name": "security_group",
      "provider": "provider[\"registry.terraform.io/hashicorp/aws\"]",
      "instances": [
        {
          "schema_version": 1,
          "attributes": {
            "arn": "arn:aws:ec2:ap-southeast-1:785961692767:security-group/sg-002a82fb050427634",
            "description": "Enable SSH and HTTP Connection on Port 22 and 80",
            "egress": [
              {
                "cidr_blocks": [
                  "0.0.0.0/0"
                ],
                "description": "",
                "from_port": 0,
                "ipv6_cidr_blocks": [],
                "prefix_list_ids": [],
                "protocol": "-1",
                "security_groups": [],
                "self": false,
                "to_port": 0
              }
            ],
            "id": "sg-002a82fb050427634",
            "ingress": [
              {
                "cidr_blocks": [
                  "0.0.0.0/0"
                ],
                "description": "",
                "from_port": 22,
                "ipv6_cidr_blocks": [],
                "prefix_list_ids": [],
                "protocol": "tcp",
                "security_groups": [],
                "self": false,
                "to_port": 22
              },
              {
                "cidr_blocks": [
                  "0.0.0.0/0"
                ],
                "description": "",
                "from_port": 8080,
                "ipv6_cidr_blocks": [],
                "prefix_list_ids": [],
                "protocol": "tcp",
                "security_groups": [],
                "self": false,
                "to_port": 8080
              },
              {
                "cidr_blocks": [
                  "0.0.0.0/0"
                ],
                "description": "",
                "from_port": 80,
                "ipv6_cidr_blocks": [],
                "prefix_list_ids": [],
                "protocol": "tcp",
                "security_groups": [],
                "self": false,
                "to_port": 80
              }
            ],
            "name": "Security Group for Terraform Instance",
            "name_prefix": "",
            "owner_id": "785961692767",
            "revoke_rules_on_delete": false,
            "tags": {
              "Name": "SG of Terraform Instance"
            },
            "tags_all": {
              "Name": "SG of Terraform Instance"
            },
            "timeouts": null,
            "vpc_id": "vpc-0522e72c7b3470dd8"
          },
          "sensitive_attributes": [],
          "private": "eyJlMmJmYjczMC1lY2FhLTExZTYtOGY4OC0zNDM2M2JjN2M0YzAiOnsiY3JlYXRlIjo2MDAwMDAwMDAwMDAsImRlbGV0ZSI6OTAwMDAwMDAwMDAwfSwic2NoZW1hX3ZlcnNpb24iOiIxIn0=",
          "dependencies": [
            "module.aws_terra_vpc.aws_vpc.vpc"
          ]
        }
      ]
    },
    {
      "module": "module.aws_terra_instance",
      "mode": "managed",
      "type": "local_sensitive_file",
      "name": "private_key",
      "provider": "provider[\"registry.terraform.io/hashicorp/local\"]",
      "instances": [
        {
          "schema_version": 0,
          "attributes": {
            "content": "-----BEGIN RSA PRIVATE KEY-----\nMIIEogIBAAKCAQEAs22+nTjDHzVdYUssSm7RPs4I39n1xusOM2W4cYuR7kCH2Jrt\nmLQaNwQ+W7xaUqHwcfPshpnVT/kObz52H6QjaRyAhjuUBUa20IIBlU2OAwO92oK+\n5achYy+Uue9z189FHvdp3ecj+wPJOsFH++Pm+GuJd5iVUdpVZx0qLKCMzvP7dFU3\n+eReqFLL4JVWosef39fuYO9P1EeYGts8ZUrbw9bR6nEQDvQa68Xt5Fth9yCiAowQ\nTZlqgZcWgeStiks1QAI6/UXC5dYiutHosHVWqnYiUVy7YXxYNGDYzF3EKdsZ5IQm\n+K3pqrCiWpp4n1/6L4VpohOQpSFIP1Vs4jIt7QIDAQABAoIBAA+7+PIqjxnGgTjN\n8cVZMGo0gRy4LVBTPnyNV/5FAfgFmqQI+frhGEdozNsYikciwkYL4Nrw1H7d1UE2\nFf+yUhSeljqvMMzBpbhlHiRsl552DokB3CGhZVEgVAd2Ew+CsooDojn+Ue5qJ5RK\nbLiPBKsWKwjczYNPBRw0t4UQUyi2oMgeZku03mLQqPhen6xR9ch8TjxMh8ioDKo6\n8+B7lfbrXZ4Wk/J/mPov8+lx+zW4yMY/hG+YSn1TSEz+3nmzVAiStIEHI5c7T+CT\nFLMegHs0hx53WdKCxNfKee9loSMLVu/Z1WCYTz1FabMtfqMOP+rnr2Dsm6RDexE0\nCDZtALUCgYEAxWo4wQvILJdPE2pG+6cYmWR+o051Au9GGFY7AFgSPQ4AE1IwFXlF\nEbKcklZRHuFLWpG8IIGf/PG/C8FDFlUOT9sDw+HtcisvqMmYwruu66mgFlO5yjzQ\n5/YQFFp84fwxWc+fR7LF0ZygHxhZMcqKrTGdtMDZjk2uhUE4ByBXwSsCgYEA6K0X\n26Q/SvsveSmSuuQXWFXtVCHmleU8avP+iBIOU6yPDDdngjiEEs9ezqQvBusR+MXV\n63iNwk20bDRZ/GOHYxrWmBT9ruzbWKwXXvb+S5FLisQbpWDeP56yVUQmcGFnM3HT\nOODkfkKCamBb1XCcr23orIXSJkuMoKmbzDC3UUcCgYA0sxl5d0K1nKLQZQOT9FRd\nxnUD9VLJOMS2hHZ1rg0YXV9pyPvrD5d/lPW1HvPC0ZPDFrpo1xG1fXdplOrq0EPk\nz2ue4/X2D09GuKJeAao9YOfKbglf0oJWGdrLBCjoTuGBvyofArtKLIyWIHLXFuGU\nQHWAJictlNEs428of9rNRwKBgCPawIltJv+z813VZTH9ggdvvlGvo6vHlmbY0IlB\nVwnX1ndIdl/fu6J2aCKptEF5qdxPCCbv/dBKTxo5ewBkifFgql7nJSx2fVqNslBE\n+WzFqAFrNONoKPdeyhZPmSjKKbAIw0bJiQxXzWb9EEm0v8BczHUBbh/Olo4PdN2j\nSCxzAoGAbAG9dO97d+R57MR+ikaVqauPo3kRgsMUIb8CSNoY83nA/tWMHcp9zAOq\ncFVxbSB4FsW8plWqnBIpUICznOd/1RjQJEUZVZ/dlFdMhTLnEj5fh3TMFFjMxY0B\ni1BKSWpueviL+0fKsh4HojiDI0Xv0WMtF0/m2e61/O3rAY9Z3rU=\n-----END RSA PRIVATE KEY-----\n",
            "content_base64": null,
            "directory_permission": "0700",
            "file_permission": "0400",
            "filename": "terraform-test.pem",
            "id": "ca4472dcd1b5fa76b1fff7874ec382784f7f60d3",
            "source": null
          },
          "sensitive_attributes": [
            [
              {
                "type": "get_attr",
                "value": "content"
              }
            ]
          ],
          "private": "bnVsbA==",
          "dependencies": [
            "module.aws_terra_instance.tls_private_key.key"
          ]
        }
      ]
    },
    {
      "module": "module.aws_terra_instance",
      "mode": "managed",
      "type": "tls_private_key",
      "name": "key",
      "provider": "provider[\"registry.terraform.io/hashicorp/tls\"]",
      "instances": [
        {
          "schema_version": 1,
          "attributes": {
            "algorithm": "RSA",
            "ecdsa_curve": "P224",
            "id": "a108c09a727e70d69a7fb8e5cc01d3d2ec90a7c4",
            "private_key_openssh": "-----BEGIN OPENSSH PRIVATE KEY-----\nb3BlbnNzaC1rZXktdjEAAAAABG5vbmUAAAAEbm9uZQAAAAAAAAABAAABFwAAAAdz\nc2gtcnNhAAAAAwEAAQAAAQEAs22+nTjDHzVdYUssSm7RPs4I39n1xusOM2W4cYuR\n7kCH2JrtmLQaNwQ+W7xaUqHwcfPshpnVT/kObz52H6QjaRyAhjuUBUa20IIBlU2O\nAwO92oK+5achYy+Uue9z189FHvdp3ecj+wPJOsFH++Pm+GuJd5iVUdpVZx0qLKCM\nzvP7dFU3+eReqFLL4JVWosef39fuYO9P1EeYGts8ZUrbw9bR6nEQDvQa68Xt5Fth\n9yCiAowQTZlqgZcWgeStiks1QAI6/UXC5dYiutHosHVWqnYiUVy7YXxYNGDYzF3E\nKdsZ5IQm+K3pqrCiWpp4n1/6L4VpohOQpSFIP1Vs4jIt7QAAA7i1JW1htSVtYQAA\nAAdzc2gtcnNhAAABAQCzbb6dOMMfNV1hSyxKbtE+zgjf2fXG6w4zZbhxi5HuQIfY\nmu2YtBo3BD5bvFpSofBx8+yGmdVP+Q5vPnYfpCNpHICGO5QFRrbQggGVTY4DA73a\ngr7lpyFjL5S573PXz0Ue92nd5yP7A8k6wUf74+b4a4l3mJVR2lVnHSosoIzO8/t0\nVTf55F6oUsvglVaix5/f1+5g70/UR5ga2zxlStvD1tHqcRAO9Brrxe3kW2H3IKIC\njBBNmWqBlxaB5K2KSzVAAjr9RcLl1iK60eiwdVaqdiJRXLthfFg0YNjMXcQp2xnk\nhCb4remqsKJamnifX/ovhWmiE5ClIUg/VWziMi3tAAAAAwEAAQAAAQAPu/jyKo8Z\nxoE4zfHFWTBqNIEcuC1QUz58jVf+RQH4BZqkCPn64RhHaMzbGIpHIsJGC+Da8NR+\n3dVBNhX/slIUnpY6rzDMwaW4ZR4kbJeedg6JAdwhoWVRIFQHdhMPgrKKA6I5/lHu\naieUSmy4jwSrFisI3M2DTwUcNLeFEFMotqDIHmZLtN5i0Kj4Xp+sUfXIfE48TIfI\nqAyqOvPge5X2612eFpPyf5j6L/Ppcfs1uMjGP4RvmEp9U0hM/t55s1QIkrSBByOX\nO0/gkxSzHoB7NIced1nSgsTXynnvZaEjC1bv2dVgmE89RWmzLX6jDj/q569g7Juk\nQ3sRNAg2bQC1AAAAgGwBvXTve3fkeezEfopGlamrj6N5EYLDFCG/AkjaGPN5wP7V\njB3KfcwDqnBVcW0geBbFvKZVqpwSKVCAs5znf9UY0CRFGVWf3ZRXTIUy5xI+X4d0\nzBRYzMWNAYtQSklqbnr4i/tHyrIeB6I4gyNF79FjLRdP5tnutfzt6wGPWd61AAAA\ngQDFajjBC8gsl08Takb7pxiZZH6jTnUC70YYVjsAWBI9DgATUjAVeUURspySVlEe\n4UtakbwggZ/88b8LwUMWVQ5P2wPD4e1yKy+oyZjCu67rqaAWU7nKPNDn9hAUWnzh\n/DFZz59HssXRnKAfGFkxyoqtMZ20wNmOTa6FQTgHIFfBKwAAAIEA6K0X26Q/Svsv\neSmSuuQXWFXtVCHmleU8avP+iBIOU6yPDDdngjiEEs9ezqQvBusR+MXV63iNwk20\nbDRZ/GOHYxrWmBT9ruzbWKwXXvb+S5FLisQbpWDeP56yVUQmcGFnM3HTOODkfkKC\namBb1XCcr23orIXSJkuMoKmbzDC3UUcAAAAAAQID\n-----END OPENSSH PRIVATE KEY-----\n",
            "private_key_pem": "-----BEGIN RSA PRIVATE KEY-----\nMIIEogIBAAKCAQEAs22+nTjDHzVdYUssSm7RPs4I39n1xusOM2W4cYuR7kCH2Jrt\nmLQaNwQ+W7xaUqHwcfPshpnVT/kObz52H6QjaRyAhjuUBUa20IIBlU2OAwO92oK+\n5achYy+Uue9z189FHvdp3ecj+wPJOsFH++Pm+GuJd5iVUdpVZx0qLKCMzvP7dFU3\n+eReqFLL4JVWosef39fuYO9P1EeYGts8ZUrbw9bR6nEQDvQa68Xt5Fth9yCiAowQ\nTZlqgZcWgeStiks1QAI6/UXC5dYiutHosHVWqnYiUVy7YXxYNGDYzF3EKdsZ5IQm\n+K3pqrCiWpp4n1/6L4VpohOQpSFIP1Vs4jIt7QIDAQABAoIBAA+7+PIqjxnGgTjN\n8cVZMGo0gRy4LVBTPnyNV/5FAfgFmqQI+frhGEdozNsYikciwkYL4Nrw1H7d1UE2\nFf+yUhSeljqvMMzBpbhlHiRsl552DokB3CGhZVEgVAd2Ew+CsooDojn+Ue5qJ5RK\nbLiPBKsWKwjczYNPBRw0t4UQUyi2oMgeZku03mLQqPhen6xR9ch8TjxMh8ioDKo6\n8+B7lfbrXZ4Wk/J/mPov8+lx+zW4yMY/hG+YSn1TSEz+3nmzVAiStIEHI5c7T+CT\nFLMegHs0hx53WdKCxNfKee9loSMLVu/Z1WCYTz1FabMtfqMOP+rnr2Dsm6RDexE0\nCDZtALUCgYEAxWo4wQvILJdPE2pG+6cYmWR+o051Au9GGFY7AFgSPQ4AE1IwFXlF\nEbKcklZRHuFLWpG8IIGf/PG/C8FDFlUOT9sDw+HtcisvqMmYwruu66mgFlO5yjzQ\n5/YQFFp84fwxWc+fR7LF0ZygHxhZMcqKrTGdtMDZjk2uhUE4ByBXwSsCgYEA6K0X\n26Q/SvsveSmSuuQXWFXtVCHmleU8avP+iBIOU6yPDDdngjiEEs9ezqQvBusR+MXV\n63iNwk20bDRZ/GOHYxrWmBT9ruzbWKwXXvb+S5FLisQbpWDeP56yVUQmcGFnM3HT\nOODkfkKCamBb1XCcr23orIXSJkuMoKmbzDC3UUcCgYA0sxl5d0K1nKLQZQOT9FRd\nxnUD9VLJOMS2hHZ1rg0YXV9pyPvrD5d/lPW1HvPC0ZPDFrpo1xG1fXdplOrq0EPk\nz2ue4/X2D09GuKJeAao9YOfKbglf0oJWGdrLBCjoTuGBvyofArtKLIyWIHLXFuGU\nQHWAJictlNEs428of9rNRwKBgCPawIltJv+z813VZTH9ggdvvlGvo6vHlmbY0IlB\nVwnX1ndIdl/fu6J2aCKptEF5qdxPCCbv/dBKTxo5ewBkifFgql7nJSx2fVqNslBE\n+WzFqAFrNONoKPdeyhZPmSjKKbAIw0bJiQxXzWb9EEm0v8BczHUBbh/Olo4PdN2j\nSCxzAoGAbAG9dO97d+R57MR+ikaVqauPo3kRgsMUIb8CSNoY83nA/tWMHcp9zAOq\ncFVxbSB4FsW8plWqnBIpUICznOd/1RjQJEUZVZ/dlFdMhTLnEj5fh3TMFFjMxY0B\ni1BKSWpueviL+0fKsh4HojiDI0Xv0WMtF0/m2e61/O3rAY9Z3rU=\n-----END RSA PRIVATE KEY-----\n",
            "private_key_pem_pkcs8": "-----BEGIN PRIVATE KEY-----\nMIIEvAIBADANBgkqhkiG9w0BAQEFAASCBKYwggSiAgEAAoIBAQCzbb6dOMMfNV1h\nSyxKbtE+zgjf2fXG6w4zZbhxi5HuQIfYmu2YtBo3BD5bvFpSofBx8+yGmdVP+Q5v\nPnYfpCNpHICGO5QFRrbQggGVTY4DA73agr7lpyFjL5S573PXz0Ue92nd5yP7A8k6\nwUf74+b4a4l3mJVR2lVnHSosoIzO8/t0VTf55F6oUsvglVaix5/f1+5g70/UR5ga\n2zxlStvD1tHqcRAO9Brrxe3kW2H3IKICjBBNmWqBlxaB5K2KSzVAAjr9RcLl1iK6\n0eiwdVaqdiJRXLthfFg0YNjMXcQp2xnkhCb4remqsKJamnifX/ovhWmiE5ClIUg/\nVWziMi3tAgMBAAECggEAD7v48iqPGcaBOM3xxVkwajSBHLgtUFM+fI1X/kUB+AWa\npAj5+uEYR2jM2xiKRyLCRgvg2vDUft3VQTYV/7JSFJ6WOq8wzMGluGUeJGyXnnYO\niQHcIaFlUSBUB3YTD4KyigOiOf5R7monlEpsuI8EqxYrCNzNg08FHDS3hRBTKLag\nyB5mS7TeYtCo+F6frFH1yHxOPEyHyKgMqjrz4HuV9utdnhaT8n+Y+i/z6XH7NbjI\nxj+Eb5hKfVNITP7eebNUCJK0gQcjlztP4JMUsx6AezSHHndZ0oLE18p572WhIwtW\n79nVYJhPPUVpsy1+ow4/6uevYOybpEN7ETQINm0AtQKBgQDFajjBC8gsl08Takb7\npxiZZH6jTnUC70YYVjsAWBI9DgATUjAVeUURspySVlEe4UtakbwggZ/88b8LwUMW\nVQ5P2wPD4e1yKy+oyZjCu67rqaAWU7nKPNDn9hAUWnzh/DFZz59HssXRnKAfGFkx\nyoqtMZ20wNmOTa6FQTgHIFfBKwKBgQDorRfbpD9K+y95KZK65BdYVe1UIeaV5Txq\n8/6IEg5TrI8MN2eCOIQSz17OpC8G6xH4xdXreI3CTbRsNFn8Y4djGtaYFP2u7NtY\nrBde9v5LkUuKxBulYN4/nrJVRCZwYWczcdM44OR+QoJqYFvVcJyvbeishdImS4yg\nqZvMMLdRRwKBgDSzGXl3QrWcotBlA5P0VF3GdQP1Usk4xLaEdnWuDRhdX2nI++sP\nl3+U9bUe88LRk8MWumjXEbV9d2mU6urQQ+TPa57j9fYPT0a4ol4Bqj1g58puCV/S\nglYZ2ssEKOhO4YG/Kh8Cu0osjJYgctcW4ZRAdYAmJy2U0Szjbyh/2s1HAoGAI9rA\niW0m/7PzXdVlMf2CB2++Ua+jq8eWZtjQiUFXCdfWd0h2X9+7onZoIqm0QXmp3E8I\nJu/90EpPGjl7AGSJ8WCqXuclLHZ9Wo2yUET5bMWoAWs042go917KFk+ZKMopsAjD\nRsmJDFfNZv0QSbS/wFzMdQFuH86Wjg903aNILHMCgYBsAb1073t35HnsxH6KRpWp\nq4+jeRGCwxQhvwJI2hjzecD+1Ywdyn3MA6pwVXFtIHgWxbymVaqcEilQgLOc53/V\nGNAkRRlVn92UV0yFMucSPl+HdMwUWMzFjQGLUEpJam56+Iv7R8qyHgeiOIMjRe/R\nYy0XT+bZ7rX87esBj1netQ==\n-----END PRIVATE KEY-----\n",
            "public_key_fingerprint_md5": "24:2e:41:20:7d:b4:dd:c0:3b:b3:ad:6a:97:c0:f5:e7",
            "public_key_fingerprint_sha256": "SHA256:snOFFOQIxNRo1IxXtv60tzaNLl0+6bNgKDwc+Hjcd3s",
            "public_key_openssh": "ssh-rsa AAAAB3NzaC1yc2EAAAADAQABAAABAQCzbb6dOMMfNV1hSyxKbtE+zgjf2fXG6w4zZbhxi5HuQIfYmu2YtBo3BD5bvFpSofBx8+yGmdVP+Q5vPnYfpCNpHICGO5QFRrbQggGVTY4DA73agr7lpyFjL5S573PXz0Ue92nd5yP7A8k6wUf74+b4a4l3mJVR2lVnHSosoIzO8/t0VTf55F6oUsvglVaix5/f1+5g70/UR5ga2zxlStvD1tHqcRAO9Brrxe3kW2H3IKICjBBNmWqBlxaB5K2KSzVAAjr9RcLl1iK60eiwdVaqdiJRXLthfFg0YNjMXcQp2xnkhCb4remqsKJamnifX/ovhWmiE5ClIUg/VWziMi3t\n",
            "public_key_pem": "-----BEGIN PUBLIC KEY-----\nMIIBIjANBgkqhkiG9w0BAQEFAAOCAQ8AMIIBCgKCAQEAs22+nTjDHzVdYUssSm7R\nPs4I39n1xusOM2W4cYuR7kCH2JrtmLQaNwQ+W7xaUqHwcfPshpnVT/kObz52H6Qj\naRyAhjuUBUa20IIBlU2OAwO92oK+5achYy+Uue9z189FHvdp3ecj+wPJOsFH++Pm\n+GuJd5iVUdpVZx0qLKCMzvP7dFU3+eReqFLL4JVWosef39fuYO9P1EeYGts8ZUrb\nw9bR6nEQDvQa68Xt5Fth9yCiAowQTZlqgZcWgeStiks1QAI6/UXC5dYiutHosHVW\nqnYiUVy7YXxYNGDYzF3EKdsZ5IQm+K3pqrCiWpp4n1/6L4VpohOQpSFIP1Vs4jIt\n7QIDAQAB\n-----END PUBLIC KEY-----\n",
            "rsa_bits": 2048
          },
          "sensitive_attributes": []
        }
      ]
    },
    {
      "module": "module.aws_terra_kms",
      "mode": "managed",
      "type": "aws_kms_alias",
      "name": "kms_alias",
      "provider": "provider[\"registry.terraform.io/hashicorp/aws\"]",
      "instances": [
        {
          "schema_version": 0,
          "attributes": {
            "arn": "arn:aws:kms:ap-southeast-1:785961692767:alias/my-terra-kms",
            "id": "alias/my-terra-kms",
            "name": "alias/my-terra-kms",
            "name_prefix": "",
            "target_key_arn": "arn:aws:kms:ap-southeast-1:785961692767:key/350f2129-1bc9-4d7a-92fa-cf1c90d0759d",
            "target_key_id": "350f2129-1bc9-4d7a-92fa-cf1c90d0759d"
          },
          "sensitive_attributes": [],
          "private": "bnVsbA==",
          "dependencies": [
            "module.aws_terra_kms.aws_kms_key.key_bucket"
          ]
        }
      ]
    },
    {
      "module": "module.aws_terra_kms",
      "mode": "managed",
      "type": "aws_kms_key",
      "name": "key_bucket",
      "provider": "provider[\"registry.terraform.io/hashicorp/aws\"]",
      "instances": [
        {
          "schema_version": 0,
          "attributes": {
            "arn": "arn:aws:kms:ap-southeast-1:785961692767:key/350f2129-1bc9-4d7a-92fa-cf1c90d0759d",
            "bypass_policy_lockout_safety_check": false,
            "customer_master_key_spec": "SYMMETRIC_DEFAULT",
            "deletion_window_in_days": 7,
            "description": "KMS for encrypt S3 bucket",
            "enable_key_rotation": false,
            "id": "350f2129-1bc9-4d7a-92fa-cf1c90d0759d",
            "is_enabled": true,
            "key_id": "350f2129-1bc9-4d7a-92fa-cf1c90d0759d",
            "key_usage": "ENCRYPT_DECRYPT",
            "multi_region": false,
            "policy": "{\"Id\":\"key-default-1\",\"Statement\":[{\"Action\":\"kms:*\",\"Effect\":\"Allow\",\"Principal\":{\"AWS\":\"arn:aws:iam::785961692767:root\"},\"Resource\":\"*\",\"Sid\":\"Enable IAM User Permissions\"}],\"Version\":\"2012-10-17\"}",
            "tags": {
              "CostCenter": "infra",
              "Purpose": "Terra-demo"
            },
            "tags_all": {
              "CostCenter": "infra",
              "Purpose": "Terra-demo"
            }
          },
          "sensitive_attributes": [],
          "private": "bnVsbA=="
        }
      ]
    },
    {
      "module": "module.aws_terra_vpc",
      "mode": "managed",
      "type": "aws_internet_gateway",
      "name": "internet_gateway",
      "provider": "provider[\"registry.terraform.io/hashicorp/aws\"]",
      "instances": [
        {
          "schema_version": 0,
          "attributes": {
            "arn": "arn:aws:ec2:ap-southeast-1:785961692767:internet-gateway/igw-02fd99f3870b808c8",
            "id": "igw-02fd99f3870b808c8",
            "owner_id": "785961692767",
            "tags": {
              "Name": "IGW VPC Terraform"
            },
            "tags_all": {
              "Name": "IGW VPC Terraform"
            },
            "vpc_id": "vpc-0522e72c7b3470dd8"
          },
          "sensitive_attributes": [],
          "private": "bnVsbA==",
          "dependencies": [
            "module.aws_terra_vpc.aws_vpc.vpc"
          ]
        }
      ]
    },
    {
      "module": "module.aws_terra_vpc",
      "mode": "managed",
      "type": "aws_route_table",
      "name": "route_table",
      "provider": "provider[\"registry.terraform.io/hashicorp/aws\"]",
      "instances": [
        {
          "schema_version": 0,
          "attributes": {
            "arn": "arn:aws:ec2:ap-southeast-1:785961692767:route-table/rtb-078d91fccd7676c19",
            "id": "rtb-078d91fccd7676c19",
            "owner_id": "785961692767",
            "propagating_vgws": [],
            "route": [
              {
                "carrier_gateway_id": "",
                "cidr_block": "0.0.0.0/0",
                "destination_prefix_list_id": "",
                "egress_only_gateway_id": "",
                "gateway_id": "igw-02fd99f3870b808c8",
                "instance_id": "",
                "ipv6_cidr_block": "",
                "local_gateway_id": "",
                "nat_gateway_id": "",
                "network_interface_id": "",
                "transit_gateway_id": "",
                "vpc_endpoint_id": "",
                "vpc_peering_connection_id": ""
              }
            ],
            "tags": {
              "Name": "Route Table Terraform"
            },
            "tags_all": {
              "Name": "Route Table Terraform"
            },
            "timeouts": null,
            "vpc_id": "vpc-0522e72c7b3470dd8"
          },
          "sensitive_attributes": [],
          "private": "eyJlMmJmYjczMC1lY2FhLTExZTYtOGY4OC0zNDM2M2JjN2M0YzAiOnsiY3JlYXRlIjozMDAwMDAwMDAwMDAsImRlbGV0ZSI6MzAwMDAwMDAwMDAwLCJ1cGRhdGUiOjEyMDAwMDAwMDAwMH19",
          "dependencies": [
            "module.aws_terra_vpc.aws_internet_gateway.internet_gateway",
            "module.aws_terra_vpc.aws_vpc.vpc"
          ]
        }
      ]
    },
    {
      "module": "module.aws_terra_vpc",
      "mode": "managed",
      "type": "aws_route_table_association",
      "name": "association_with_subnet",
      "provider": "provider[\"registry.terraform.io/hashicorp/aws\"]",
      "instances": [
        {
          "schema_version": 0,
          "attributes": {
            "gateway_id": "",
            "id": "rtbassoc-0554f95f72f5ba07c",
            "route_table_id": "rtb-078d91fccd7676c19",
            "subnet_id": "subnet-0b560b129b6074f64"
          },
          "sensitive_attributes": [],
          "private": "bnVsbA==",
          "dependencies": [
            "module.aws_terra_vpc.aws_internet_gateway.internet_gateway",
            "module.aws_terra_vpc.aws_route_table.route_table",
            "module.aws_terra_vpc.aws_subnet.subnet",
            "module.aws_terra_vpc.aws_vpc.vpc"
          ]
        }
      ]
    },
    {
      "module": "module.aws_terra_vpc",
      "mode": "managed",
      "type": "aws_subnet",
      "name": "subnet",
      "provider": "provider[\"registry.terraform.io/hashicorp/aws\"]",
      "instances": [
        {
          "schema_version": 1,
          "attributes": {
            "arn": "arn:aws:ec2:ap-southeast-1:785961692767:subnet/subnet-0b560b129b6074f64",
            "assign_ipv6_address_on_creation": false,
            "availability_zone": "ap-southeast-1c",
            "availability_zone_id": "apse1-az3",
            "cidr_block": "10.50.10.0/24",
            "customer_owned_ipv4_pool": "",
            "enable_dns64": false,
            "enable_resource_name_dns_a_record_on_launch": false,
            "enable_resource_name_dns_aaaa_record_on_launch": false,
            "id": "subnet-0b560b129b6074f64",
            "ipv6_cidr_block": "",
            "ipv6_cidr_block_association_id": "",
            "ipv6_native": false,
            "map_customer_owned_ip_on_launch": false,
            "map_public_ip_on_launch": false,
            "outpost_arn": "",
            "owner_id": "785961692767",
            "private_dns_hostname_type_on_launch": "ip-name",
            "tags": {
              "Name": "Subnet Terraform"
            },
            "tags_all": {
              "Name": "Subnet Terraform"
            },
            "timeouts": null,
            "vpc_id": "vpc-0522e72c7b3470dd8"
          },
          "sensitive_attributes": [],
          "private": "eyJlMmJmYjczMC1lY2FhLTExZTYtOGY4OC0zNDM2M2JjN2M0YzAiOnsiY3JlYXRlIjo2MDAwMDAwMDAwMDAsImRlbGV0ZSI6MTIwMDAwMDAwMDAwMH0sInNjaGVtYV92ZXJzaW9uIjoiMSJ9",
          "dependencies": [
            "module.aws_terra_vpc.aws_vpc.vpc"
          ]
        }
      ]
    },
    {
      "module": "module.aws_terra_vpc",
      "mode": "managed",
      "type": "aws_vpc",
      "name": "vpc",
      "provider": "provider[\"registry.terraform.io/hashicorp/aws\"]",
      "instances": [
        {
          "schema_version": 1,
          "attributes": {
            "arn": "arn:aws:ec2:ap-southeast-1:785961692767:vpc/vpc-0522e72c7b3470dd8",
            "assign_generated_ipv6_cidr_block": false,
            "cidr_block": "10.50.0.0/16",
            "default_network_acl_id": "acl-0a192d974c18588e8",
            "default_route_table_id": "rtb-0d1b60ae83d378ef4",
            "default_security_group_id": "sg-0792ef9aee43f5c31",
            "dhcp_options_id": "dopt-08225c60d5eb0e0a6",
            "enable_classiclink": false,
            "enable_classiclink_dns_support": false,
            "enable_dns_hostnames": true,
            "enable_dns_support": true,
            "id": "vpc-0522e72c7b3470dd8",
            "instance_tenancy": "default",
            "ipv4_ipam_pool_id": null,
            "ipv4_netmask_length": null,
            "ipv6_association_id": "",
            "ipv6_cidr_block": "",
            "ipv6_cidr_block_network_border_group": "",
            "ipv6_ipam_pool_id": "",
            "ipv6_netmask_length": 0,
            "main_route_table_id": "rtb-0d1b60ae83d378ef4",
            "owner_id": "785961692767",
            "tags": {
              "Name": "VPC Terraform"
            },
            "tags_all": {
              "Name": "VPC Terraform"
            }
          },
          "sensitive_attributes": [],
          "private": "eyJzY2hlbWFfdmVyc2lvbiI6IjEifQ=="
        }
      ]
    }
  ],
  "check_results": null
}
